// !$*UTF8*$!
{
	archiveVersion = 1;
	classes = {
	};
	objectVersion = 46;
	objects = {

/* Begin PBXBuildFile section */
		7D084D62209BB7C8008A5952 /* AppDelegate.swift in Sources */ = {isa = PBXBuildFile; fileRef = 7D084D61209BB7C8008A5952 /* AppDelegate.swift */; };
		7D084D64209BB7C8008A5952 /* ViewController.swift in Sources */ = {isa = PBXBuildFile; fileRef = 7D084D63209BB7C8008A5952 /* ViewController.swift */; };
		7D084D67209BB7C8008A5952 /* Main.storyboard in Resources */ = {isa = PBXBuildFile; fileRef = 7D084D65209BB7C8008A5952 /* Main.storyboard */; };
		7D084D6A209BB7C8008A5952 /* TareaLab08.xcdatamodeld in Sources */ = {isa = PBXBuildFile; fileRef = 7D084D68209BB7C8008A5952 /* TareaLab08.xcdatamodeld */; };
		7D084D6C209BB7C8008A5952 /* Assets.xcassets in Resources */ = {isa = PBXBuildFile; fileRef = 7D084D6B209BB7C8008A5952 /* Assets.xcassets */; };
		7D084D6F209BB7C8008A5952 /* LaunchScreen.storyboard in Resources */ = {isa = PBXBuildFile; fileRef = 7D084D6D209BB7C8008A5952 /* LaunchScreen.storyboard */; };
		7D084D77209BBBE8008A5952 /* crudJuegos.swift in Sources */ = {isa = PBXBuildFile; fileRef = 7D084D76209BBBE8008A5952 /* crudJuegos.swift */; };
/* End PBXBuildFile section */

/* Begin PBXFileReference section */
		7D084D5E209BB7C8008A5952 /* TareaLab08.app */ = {isa = PBXFileReference; explicitFileType = wrapper.application; includeInIndex = 0; path = TareaLab08.app; sourceTree = BUILT_PRODUCTS_DIR; };
		7D084D61209BB7C8008A5952 /* AppDelegate.swift */ = {isa = PBXFileReference; lastKnownFileType = sourcecode.swift; path = AppDelegate.swift; sourceTree = "<group>"; };
		7D084D63209BB7C8008A5952 /* ViewController.swift */ = {isa = PBXFileReference; lastKnownFileType = sourcecode.swift; path = ViewController.swift; sourceTree = "<group>"; };
		7D084D66209BB7C8008A5952 /* Base */ = {isa = PBXFileReference; lastKnownFileType = file.storyboard; name = Base; path = Base.lproj/Main.storyboard; sourceTree = "<group>"; };
		7D084D69209BB7C8008A5952 /* TareaLab08.xcdatamodel */ = {isa = PBXFileReference; lastKnownFileType = wrapper.xcdatamodel; path = TareaLab08.xcdatamodel; sourceTree = "<group>"; };
		7D084D6B209BB7C8008A5952 /* Assets.xcassets */ = {isa = PBXFileReference; lastKnownFileType = folder.assetcatalog; path = Assets.xcassets; sourceTree = "<group>"; };
		7D084D6E209BB7C8008A5952 /* Base */ = {isa = PBXFileReference; lastKnownFileType = file.storyboard; name = Base; path = Base.lproj/LaunchScreen.storyboard; sourceTree = "<group>"; };
		7D084D70209BB7C8008A5952 /* Info.plist */ = {isa = PBXFileReference; lastKnownFileType = text.plist.xml; path = Info.plist; sourceTree = "<group>"; };
		7D084D76209BBBE8008A5952 /* crudJuegos.swift */ = {isa = PBXFileReference; fileEncoding = 4; lastKnownFileType = sourcecode.swift; path = crudJuegos.swift; sourceTree = "<group>"; };
/* End PBXFileReference section */

/* Begin PBXFrameworksBuildPhase section */
		7D084D5B209BB7C8008A5952 /* Frameworks */ = {
			isa = PBXFrameworksBuildPhase;
			buildActionMask = 2147483647;
			files = (
			);
			runOnlyForDeploymentPostprocessing = 0;
		};
/* End PBXFrameworksBuildPhase section */

/* Begin PBXGroup section */
		7D084D55209BB7C8008A5952 = {
			isa = PBXGroup;
			children = (
				7D084D60209BB7C8008A5952 /* TareaLab08 */,
				7D084D5F209BB7C8008A5952 /* Products */,
			);
			sourceTree = "<group>";
		};
		7D084D5F209BB7C8008A5952 /* Products */ = {
			isa = PBXGroup;
			children = (
				7D084D5E209BB7C8008A5952 /* TareaLab08.app */,
			);
			name = Products;
			sourceTree = "<group>";
		};
		7D084D60209BB7C8008A5952 /* TareaLab08 */ = {
			isa = PBXGroup;
			children = (
				7D084D61209BB7C8008A5952 /* AppDelegate.swift */,
				7D084D63209BB7C8008A5952 /* ViewController.swift */,
				7D084D65209BB7C8008A5952 /* Main.storyboard */,
				7D084D6B209BB7C8008A5952 /* Assets.xcassets */,
				7D084D6D209BB7C8008A5952 /* LaunchScreen.storyboard */,
				7D084D70209BB7C8008A5952 /* Info.plist */,
				7D084D68209BB7C8008A5952 /* TareaLab08.xcdatamodeld */,
				7D084D76209BBBE8008A5952 /* crudJuegos.swift */,
			);
			path = TareaLab08;
			sourceTree = "<group>";
		};
/* End PBXGroup section */

/* Begin PBXNativeTarget section */
		7D084D5D209BB7C8008A5952 /* TareaLab08 */ = {
			isa = PBXNativeTarget;
			buildConfigurationList = 7D084D73209BB7C8008A5952 /* Build configuration list for PBXNativeTarget "TareaLab08" */;
			buildPhases = (
				7D084D5A209BB7C8008A5952 /* Sources */,
				7D084D5B209BB7C8008A5952 /* Frameworks */,
				7D084D5C209BB7C8008A5952 /* Resources */,
			);
			buildRules = (
			);
			dependencies = (
			);
			name = TareaLab08;
			productName = TareaLab08;
			productReference = 7D084D5E209BB7C8008A5952 /* TareaLab08.app */;
			productType = "com.apple.product-type.application";
		};
/* End PBXNativeTarget section */

/* Begin PBXProject section */
		7D084D56209BB7C8008A5952 /* Project object */ = {
			isa = PBXProject;
			attributes = {
				LastSwiftUpdateCheck = 0830;
				LastUpgradeCheck = 0830;
				ORGANIZATIONNAME = Tecsup;
				TargetAttributes = {
					7D084D5D209BB7C8008A5952 = {
						CreatedOnToolsVersion = 8.3.2;
						DevelopmentTeam = 969C8M856Z;
						ProvisioningStyle = Automatic;
					};
				};
			};
			buildConfigurationList = 7D084D59209BB7C8008A5952 /* Build configuration list for PBXProject "TareaLab08" */;
			compatibilityVersion = "Xcode 3.2";
			developmentRegion = English;
			hasScannedForEncodings = 0;
			knownRegions = (
				en,
				Base,
			);
			mainGroup = 7D084D55209BB7C8008A5952;
			productRefGroup = 7D084D5F209BB7C8008A5952 /* Products */;
			projectDirPath = "";
			projectRoot = "";
			targets = (
				7D084D5D209BB7C8008A5952 /* TareaLab08 */,
			);
		};
/* End PBXProject section */

/* Begin PBXResourcesBuildPhase section */
		7D084D5C209BB7C8008A5952 /* Resources */ = {
			isa = PBXResourcesBuildPhase;
			buildActionMask = 2147483647;
			files = (
				7D084D6F209BB7C8008A5952 /* LaunchScreen.storyboard in Resources */,
				7D084D6C209BB7C8008A5952 /* Assets.xcassets in Resources */,
				7D084D67209BB7C8008A5952 /* Main.storyboard in Resources */,
			);
			runOnlyForDeploymentPostprocessing = 0;
		};
/* End PBXResourcesBuildPhase section */

/* Begin PBXSourcesBuildPhase section */
		7D084D5A209BB7C8008A5952 /* Sources */ = {
			isa = PBXSourcesBuildPhase;
			buildActionMask = 2147483647;
			files = (
				7D084D64209BB7C8008A5952 /* ViewController.swift in Sources */,
				7D084D62209BB7C8008A5952 /* AppDelegate.swift in Sources */,
				7D084D77209BBBE8008A5952 /* crudJuegos.swift in Sources */,
				7D084D6A209BB7C8008A5952 /* TareaLab08.xcdatamodeld in Sources */,
			);
			runOnlyForDeploymentPostprocessing = 0;
		};
/* End PBXSourcesBuildPhase section */

/* Begin PBXVariantGroup section */
		7D084D65209BB7C8008A5952 /* Main.storyboard */ = {
			isa = PBXVariantGroup;
			children = (
				7D084D66209BB7C8008A5952 /* Base */,
			);
			name = Main.storyboard;
			sourceTree = "<group>";
		};
		7D084D6D209BB7C8008A5952 /* LaunchScreen.storyboard */ = {
			isa = PBXVariantGroup;
			children = (
				7D084D6E209BB7C8008A5952 /* Base */,
			);
			name = LaunchScreen.storyboard;
			sourceTree = "<group>";
		};
/* End PBXVariantGroup section */

/* Begin XCBuildConfiguration section */
		7D084D71209BB7C8008A5952 /* Debug */ = {
			isa = XCBuildConfiguration;
			buildSettings = {
				ALWAYS_SEARCH_USER_PATHS = NO;
				CLANG_ANALYZER_NONNULL = YES;
				CLANG_ANALYZER_NUMBER_OBJECT_CONVERSION = YES_AGGRESSIVE;
				CLANG_CXX_LANGUAGE_STANDARD = "gnu++0x";
				CLANG_CXX_LIBRARY = "libc++";
				CLANG_ENABLE_MODULES = YES;
				CLANG_ENABLE_OBJC_ARC = YES;
				CLANG_WARN_BOOL_CONVERSION = YES;
				CLANG_WARN_CONSTANT_CONVERSION = YES;
				CLANG_WARN_DIRECT_OBJC_ISA_USAGE = YES_ERROR;
				CLANG_WARN_DOCUMENTATION_COMMENTS = YES;
				CLANG_WARN_EMPTY_BODY = YES;
				CLANG_WARN_ENUM_CONVERSION = YES;
				CLANG_WARN_INFINITE_RECURSION = YES;
				CLANG_WARN_INT_CONVERSION = YES;
				CLANG_WARN_OBJC_ROOT_CLASS = YES_ERROR;
				CLANG_WARN_SUSPICIOUS_MOVE = YES;
				CLANG_WARN_UNREACHABLE_CODE = YES;
				CLANG_WARN__DUPLICATE_METHOD_MATCH = YES;
				"CODE_SIGN_IDENTITY[sdk=iphoneos*]" = "iPhone Developer";
				COPY_PHASE_STRIP = NO;
				DEBUG_INFORMATION_FORMAT = dwarf;
				ENABLE_STRICT_OBJC_MSGSEND = YES;
				ENABLE_TESTABILITY = YES;
				GCC_C_LANGUAGE_STANDARD = gnu99;
				GCC_DYNAMIC_NO_PIC = NO;
				GCC_NO_COMMON_BLOCKS = YES;
				GCC_OPTIMIZATION_LEVEL = 0;
				GCC_PREPROCESSOR_DEFINITIONS = (
					"DEBUG=1",
					"$(inherited)",
				);
				GCC_WARN_64_TO_32_BIT_CONVERSION = YES;
				GCC_WARN_ABOUT_RETURN_TYPE = YES_ERROR;
				GCC_WARN_UNDECLARED_SELECTOR = YES;
				GCC_WARN_UNINITIALIZED_AUTOS = YES_AGGRESSIVE;
				GCC_WARN_UNUSED_FUNCTION = YES;
				GCC_WARN_UNUSED_VARIABLE = YES;
				IPHONEOS_DEPLOYMENT_TARGET = 10.3;
				MTL_ENABLE_DEBUG_INFO = YES;
				ONLY_ACTIVE_ARCH = YES;
				SDKROOT = iphoneos;
				SWIFT_ACTIVE_COMPILATION_CONDITIONS = DEBUG;
				SWIFT_OPTIMIZATION_LEVEL = "-Onone";
				TARGETED_DEVICE_FAMILY = "1,2";
			};
			name = Debug;
		};
		7D084D72209BB7C8008A5952 /* Release */ = {
			isa = XCBuildConfiguration;
			buildSettings = {
				ALWAYS_SEARCH_USER_PATHS = NO;
				CLANG_ANALYZER_NONNULL = YES;
				CLANG_ANALYZER_NUMBER_OBJECT_CONVERSION = YES_AGGRESSIVE;
				CLANG_CXX_LANGUAGE_STANDARD = "gnu++0x";
				CLANG_CXX_LIBRARY = "libc++";
				CLANG_ENABLE_MODULES = YES;
				CLANG_ENABLE_OBJC_ARC = YES;
				CLANG_WARN_BOOL_CONVERSION = YES;
				CLANG_WARN_CONSTANT_CONVERSION = YES;
				CLANG_WARN_DIRECT_OBJC_ISA_USAGE = YES_ERROR;
				CLANG_WARN_DOCUMENTATION_COMMENTS = YES;
				CLANG_WARN_EMPTY_BODY = YES;
				CLANG_WARN_ENUM_CONVERSION = YES;
				CLANG_WARN_INFINITE_RECURSION = YES;
				CLANG_WARN_INT_CONVERSION = YES;
				CLANG_WARN_OBJC_ROOT_CLASS = YES_ERROR;
				CLANG_WARN_SUSPICIOUS_MOVE = YES;
				CLANG_WARN_UNREACHABLE_CODE = YES;
				CLANG_WARN__DUPLICATE_METHOD_MATCH = YES;
				"CODE_SIGN_IDENTITY[sdk=iphoneos*]" = "iPhone Developer";
				COPY_PHASE_STRIP = NO;
				DEBUG_INFORMATION_FORMAT = "dwarf-with-dsym";
				ENABLE_NS_ASSERTIONS = NO;
				ENABLE_STRICT_OBJC_MSGSEND = YES;
				GCC_C_LANGUAGE_STANDARD = gnu99;
				GCC_NO_COMMON_BLOCKS = YES;
				GCC_WARN_64_TO_32_BIT_CONVERSION = YES;
				GCC_WARN_ABOUT_RETURN_TYPE = YES_ERROR;
				GCC_WARN_UNDECLARED_SELECTOR = YES;
				GCC_WARN_UNINITIALIZED_AUTOS = YES_AGGRESSIVE;
				GCC_WARN_UNUSED_FUNCTION = YES;
				GCC_WARN_UNUSED_VARIABLE = YES;
				IPHONEOS_DEPLOYMENT_TARGET = 10.3;
				MTL_ENABLE_DEBUG_INFO = NO;
				SDKROOT = iphoneos;
				SWIFT_OPTIMIZATION_LEVEL = "-Owholemodule";
				TARGETED_DEVICE_FAMILY = "1,2";
				VALIDATE_PRODUCT = YES;
			};
			name = Release;
		};
		7D084D74209BB7C8008A5952 /* Debug */ = {
			isa = XCBuildConfiguration;
			buildSettings = {
				ASSETCATALOG_COMPILER_APPICON_NAME = AppIcon;
				DEVELOPMENT_TEAM = 969C8M856Z;
				INFOPLIST_FILE = TareaLab08/Info.plist;
				LD_RUNPATH_SEARCH_PATHS = "$(inherited) @executable_path/Frameworks";
				PRODUCT_BUNDLE_IDENTIFIER = com.tecsup.ColeccionDeJuegos;
				PRODUCT_NAME = "$(TARGET_NAME)";
				SWIFT_VERSION = 3.0;
			};
			name = Debug;
		};
		7D084D75209BB7C8008A5952 /* Release */ = {
			isa = XCBuildConfiguration;
			buildSettings = {
				ASSETCATALOG_COMPILER_APPICON_NAME = AppIcon;
				DEVELOPMENT_TEAM = 969C8M856Z;
				INFOPLIST_FILE = TareaLab08/Info.plist;
				LD_RUNPATH_SEARCH_PATHS = "$(inherited) @executable_path/Frameworks";
				PRODUCT_BUNDLE_IDENTIFIER = com.tecsup.ColeccionDeJuegos;
				PRODUCT_NAME = "$(TARGET_NAME)";
				SWIFT_VERSION = 3.0;
			};
			name = Release;
		};
/* End XCBuildConfiguration section */

/* Begin XCConfigurationList section */
		7D084D59209BB7C8008A5952 /* Build configuration list for PBXProject "TareaLab08" */ = {
			isa = XCConfigurationList;
			buildConfigurations = (
				7D084D71209BB7C8008A5952 /* Debug */,
				7D084D72209BB7C8008A5952 /* Release */,
			);
			defaultConfigurationIsVisible = 0;
			defaultConfigurationName = Release;
		};
		7D084D73209BB7C8008A5952 /* Build configuration list for PBXNativeTarget "TareaLab08" */ = {
			isa = XCConfigurationList;
			buildConfigurations = (
				7D084D74209BB7C8008A5952 /* Debug */,
				7D084D75209BB7C8008A5952 /* Release */,
			);
			defaultConfigurationIsVisible = 0;
			defaultConfigurationName = Release;
		};
/* End XCConfigurationList section */

/* Begin XCVersionGroup section */
		7D084D68209BB7C8008A5952 /* TareaLab08.xcdatamodeld */ = {
			isa = XCVersionGroup;
			children = (
				7D084D69209BB7C8008A5952 /* TareaLab08.xcdatamodel */,
			);
			currentVersion = 7D084D69209BB7C8008A5952 /* TareaLab08.xcdatamodel */;
			path = TareaLab08.xcdatamodeld;
			sourceTree = "<group>";
			versionGroupType = wrapper.xcdatamodel;
		};
/* End XCVersionGroup section */
	};
	rootObject = 7D084D56209BB7C8008A5952 /* Project object */;
}
