// !$*UTF8*$!
{
	archiveVersion = 1;
	classes = {
	};
	objectVersion = 46;
	objects = {

/* Begin PBXBuildFile section */
		B8081F55207C12B900772640 /* AppDelegate.swift in Sources */ = {isa = PBXBuildFile; fileRef = B8081F54207C12B900772640 /* AppDelegate.swift */; };
		B8081F5A207C12B900772640 /* Main.storyboard in Resources */ = {isa = PBXBuildFile; fileRef = B8081F58207C12B900772640 /* Main.storyboard */; };
		B8081F5C207C12B900772640 /* Assets.xcassets in Resources */ = {isa = PBXBuildFile; fileRef = B8081F5B207C12B900772640 /* Assets.xcassets */; };
		B8081F5F207C12B900772640 /* LaunchScreen.storyboard in Resources */ = {isa = PBXBuildFile; fileRef = B8081F5D207C12B900772640 /* LaunchScreen.storyboard */; };
		B8081F67207C147400772640 /* TableViewControllerNuevo.swift in Sources */ = {isa = PBXBuildFile; fileRef = B8081F66207C147400772640 /* TableViewControllerNuevo.swift */; };
		B8081F6A207C1AFA00772640 /* 1.png in Resources */ = {isa = PBXBuildFile; fileRef = B8081F68207C1AFA00772640 /* 1.png */; };
		B8081F6B207C1AFA00772640 /* 2.png in Resources */ = {isa = PBXBuildFile; fileRef = B8081F69207C1AFA00772640 /* 2.png */; };
		B8081F6E207C1B1600772640 /* 3.png in Resources */ = {isa = PBXBuildFile; fileRef = B8081F6C207C1B1600772640 /* 3.png */; };
		B8081F6F207C1B1600772640 /* 4.png in Resources */ = {isa = PBXBuildFile; fileRef = B8081F6D207C1B1600772640 /* 4.png */; };
/* End PBXBuildFile section */

/* Begin PBXFileReference section */
		B8081F51207C12B900772640 /* TableViewControllerBill.app */ = {isa = PBXFileReference; explicitFileType = wrapper.application; includeInIndex = 0; path = TableViewControllerBill.app; sourceTree = BUILT_PRODUCTS_DIR; };
		B8081F54207C12B900772640 /* AppDelegate.swift */ = {isa = PBXFileReference; lastKnownFileType = sourcecode.swift; path = AppDelegate.swift; sourceTree = "<group>"; };
		B8081F59207C12B900772640 /* Base */ = {isa = PBXFileReference; lastKnownFileType = file.storyboard; name = Base; path = Base.lproj/Main.storyboard; sourceTree = "<group>"; };
		B8081F5B207C12B900772640 /* Assets.xcassets */ = {isa = PBXFileReference; lastKnownFileType = folder.assetcatalog; path = Assets.xcassets; sourceTree = "<group>"; };
		B8081F5E207C12B900772640 /* Base */ = {isa = PBXFileReference; lastKnownFileType = file.storyboard; name = Base; path = Base.lproj/LaunchScreen.storyboard; sourceTree = "<group>"; };
		B8081F60207C12B900772640 /* Info.plist */ = {isa = PBXFileReference; lastKnownFileType = text.plist.xml; path = Info.plist; sourceTree = "<group>"; };
		B8081F66207C147400772640 /* TableViewControllerNuevo.swift */ = {isa = PBXFileReference; fileEncoding = 4; lastKnownFileType = sourcecode.swift; path = TableViewControllerNuevo.swift; sourceTree = "<group>"; };
		B8081F68207C1AFA00772640 /* 1.png */ = {isa = PBXFileReference; lastKnownFileType = image.png; name = 1.png; path = ../1.png; sourceTree = "<group>"; };
		B8081F69207C1AFA00772640 /* 2.png */ = {isa = PBXFileReference; lastKnownFileType = image.png; name = 2.png; path = ../2.png; sourceTree = "<group>"; };
		B8081F6C207C1B1600772640 /* 3.png */ = {isa = PBXFileReference; lastKnownFileType = image.png; name = 3.png; path = ../3.png; sourceTree = "<group>"; };
		B8081F6D207C1B1600772640 /* 4.png */ = {isa = PBXFileReference; lastKnownFileType = image.png; name = 4.png; path = ../4.png; sourceTree = "<group>"; };
/* End PBXFileReference section */

/* Begin PBXFrameworksBuildPhase section */
		B8081F4E207C12B900772640 /* Frameworks */ = {
			isa = PBXFrameworksBuildPhase;
			buildActionMask = 2147483647;
			files = (
			);
			runOnlyForDeploymentPostprocessing = 0;
		};
/* End PBXFrameworksBuildPhase section */

/* Begin PBXGroup section */
		B8081F48207C12B900772640 = {
			isa = PBXGroup;
			children = (
				B8081F53207C12B900772640 /* TableViewControllerBill */,
				B8081F52207C12B900772640 /* Products */,
			);
			sourceTree = "<group>";
		};
		B8081F52207C12B900772640 /* Products */ = {
			isa = PBXGroup;
			children = (
				B8081F51207C12B900772640 /* TableViewControllerBill.app */,
			);
			name = Products;
			sourceTree = "<group>";
		};
		B8081F53207C12B900772640 /* TableViewControllerBill */ = {
			isa = PBXGroup;
			children = (
				B8081F54207C12B900772640 /* AppDelegate.swift */,
				B8081F58207C12B900772640 /* Main.storyboard */,
				B8081F6C207C1B1600772640 /* 3.png */,
				B8081F5B207C12B900772640 /* Assets.xcassets */,
				B8081F68207C1AFA00772640 /* 1.png */,
				B8081F69207C1AFA00772640 /* 2.png */,
				B8081F6D207C1B1600772640 /* 4.png */,
				B8081F5D207C12B900772640 /* LaunchScreen.storyboard */,
				B8081F60207C12B900772640 /* Info.plist */,
				B8081F66207C147400772640 /* TableViewControllerNuevo.swift */,
			);
			path = TableViewControllerBill;
			sourceTree = "<group>";
		};
/* End PBXGroup section */

/* Begin PBXNativeTarget section */
		B8081F50207C12B900772640 /* TableViewControllerBill */ = {
			isa = PBXNativeTarget;
			buildConfigurationList = B8081F63207C12B900772640 /* Build configuration list for PBXNativeTarget "TableViewControllerBill" */;
			buildPhases = (
				B8081F4D207C12B900772640 /* Sources */,
				B8081F4E207C12B900772640 /* Frameworks */,
				B8081F4F207C12B900772640 /* Resources */,
			);
			buildRules = (
			);
			dependencies = (
			);
			name = TableViewControllerBill;
			productName = TableViewControllerBill;
			productReference = B8081F51207C12B900772640 /* TableViewControllerBill.app */;
			productType = "com.apple.product-type.application";
		};
/* End PBXNativeTarget section */

/* Begin PBXProject section */
		B8081F49207C12B900772640 /* Project object */ = {
			isa = PBXProject;
			attributes = {
				LastSwiftUpdateCheck = 0830;
				LastUpgradeCheck = 0830;
				ORGANIZATIONNAME = Tecsup;
				TargetAttributes = {
					B8081F50207C12B900772640 = {
						CreatedOnToolsVersion = 8.3.2;
						ProvisioningStyle = Automatic;
					};
				};
			};
			buildConfigurationList = B8081F4C207C12B900772640 /* Build configuration list for PBXProject "TableViewControllerBill" */;
			compatibilityVersion = "Xcode 3.2";
			developmentRegion = English;
			hasScannedForEncodings = 0;
			knownRegions = (
				en,
				Base,
			);
			mainGroup = B8081F48207C12B900772640;
			productRefGroup = B8081F52207C12B900772640 /* Products */;
			projectDirPath = "";
			projectRoot = "";
			targets = (
				B8081F50207C12B900772640 /* TableViewControllerBill */,
			);
		};
/* End PBXProject section */

/* Begin PBXResourcesBuildPhase section */
		B8081F4F207C12B900772640 /* Resources */ = {
			isa = PBXResourcesBuildPhase;
			buildActionMask = 2147483647;
			files = (
				B8081F6F207C1B1600772640 /* 4.png in Resources */,
				B8081F6B207C1AFA00772640 /* 2.png in Resources */,
				B8081F6A207C1AFA00772640 /* 1.png in Resources */,
				B8081F5F207C12B900772640 /* LaunchScreen.storyboard in Resources */,
				B8081F5C207C12B900772640 /* Assets.xcassets in Resources */,
				B8081F6E207C1B1600772640 /* 3.png in Resources */,
				B8081F5A207C12B900772640 /* Main.storyboard in Resources */,
			);
			runOnlyForDeploymentPostprocessing = 0;
		};
/* End PBXResourcesBuildPhase section */

/* Begin PBXSourcesBuildPhase section */
		B8081F4D207C12B900772640 /* Sources */ = {
			isa = PBXSourcesBuildPhase;
			buildActionMask = 2147483647;
			files = (
				B8081F55207C12B900772640 /* AppDelegate.swift in Sources */,
				B8081F67207C147400772640 /* TableViewControllerNuevo.swift in Sources */,
			);
			runOnlyForDeploymentPostprocessing = 0;
		};
/* End PBXSourcesBuildPhase section */

/* Begin PBXVariantGroup section */
		B8081F58207C12B900772640 /* Main.storyboard */ = {
			isa = PBXVariantGroup;
			children = (
				B8081F59207C12B900772640 /* Base */,
			);
			name = Main.storyboard;
			sourceTree = "<group>";
		};
		B8081F5D207C12B900772640 /* LaunchScreen.storyboard */ = {
			isa = PBXVariantGroup;
			children = (
				B8081F5E207C12B900772640 /* Base */,
			);
			name = LaunchScreen.storyboard;
			sourceTree = "<group>";
		};
/* End PBXVariantGroup section */

/* Begin XCBuildConfiguration section */
		B8081F61207C12B900772640 /* Debug */ = {
			isa = XCBuildConfiguration;
			buildSettings = {
				ALWAYS_SEARCH_USER_PATHS = NO;
				CLANG_ANALYZER_NONNULL = YES;
				CLANG_ANALYZER_NUMBER_OBJECT_CONVERSION = YES_AGGRESSIVE;
				CLANG_CXX_LANGUAGE_STANDARD = "gnu++0x";
				CLANG_CXX_LIBRARY = "libc++";
				CLANG_ENABLE_MODULES = YES;
				CLANG_ENABLE_OBJC_ARC = YES;
				CLANG_WARN_BOOL_CONVERSION = YES;
				CLANG_WARN_CONSTANT_CONVERSION = YES;
				CLANG_WARN_DIRECT_OBJC_ISA_USAGE = YES_ERROR;
				CLANG_WARN_DOCUMENTATION_COMMENTS = YES;
				CLANG_WARN_EMPTY_BODY = YES;
				CLANG_WARN_ENUM_CONVERSION = YES;
				CLANG_WARN_INFINITE_RECURSION = YES;
				CLANG_WARN_INT_CONVERSION = YES;
				CLANG_WARN_OBJC_ROOT_CLASS = YES_ERROR;
				CLANG_WARN_SUSPICIOUS_MOVE = YES;
				CLANG_WARN_UNREACHABLE_CODE = YES;
				CLANG_WARN__DUPLICATE_METHOD_MATCH = YES;
				"CODE_SIGN_IDENTITY[sdk=iphoneos*]" = "iPhone Developer";
				COPY_PHASE_STRIP = NO;
				DEBUG_INFORMATION_FORMAT = dwarf;
				ENABLE_STRICT_OBJC_MSGSEND = YES;
				ENABLE_TESTABILITY = YES;
				GCC_C_LANGUAGE_STANDARD = gnu99;
				GCC_DYNAMIC_NO_PIC = NO;
				GCC_NO_COMMON_BLOCKS = YES;
				GCC_OPTIMIZATION_LEVEL = 0;
				GCC_PREPROCESSOR_DEFINITIONS = (
					"DEBUG=1",
					"$(inherited)",
				);
				GCC_WARN_64_TO_32_BIT_CONVERSION = YES;
				GCC_WARN_ABOUT_RETURN_TYPE = YES_ERROR;
				GCC_WARN_UNDECLARED_SELECTOR = YES;
				GCC_WARN_UNINITIALIZED_AUTOS = YES_AGGRESSIVE;
				GCC_WARN_UNUSED_FUNCTION = YES;
				GCC_WARN_UNUSED_VARIABLE = YES;
				IPHONEOS_DEPLOYMENT_TARGET = 10.3;
				MTL_ENABLE_DEBUG_INFO = YES;
				ONLY_ACTIVE_ARCH = YES;
				SDKROOT = iphoneos;
				SWIFT_ACTIVE_COMPILATION_CONDITIONS = DEBUG;
				SWIFT_OPTIMIZATION_LEVEL = "-Onone";
			};
			name = Debug;
		};
		B8081F62207C12B900772640 /* Release */ = {
			isa = XCBuildConfiguration;
			buildSettings = {
				ALWAYS_SEARCH_USER_PATHS = NO;
				CLANG_ANALYZER_NONNULL = YES;
				CLANG_ANALYZER_NUMBER_OBJECT_CONVERSION = YES_AGGRESSIVE;
				CLANG_CXX_LANGUAGE_STANDARD = "gnu++0x";
				CLANG_CXX_LIBRARY = "libc++";
				CLANG_ENABLE_MODULES = YES;
				CLANG_ENABLE_OBJC_ARC = YES;
				CLANG_WARN_BOOL_CONVERSION = YES;
				CLANG_WARN_CONSTANT_CONVERSION = YES;
				CLANG_WARN_DIRECT_OBJC_ISA_USAGE = YES_ERROR;
				CLANG_WARN_DOCUMENTATION_COMMENTS = YES;
				CLANG_WARN_EMPTY_BODY = YES;
				CLANG_WARN_ENUM_CONVERSION = YES;
				CLANG_WARN_INFINITE_RECURSION = YES;
				CLANG_WARN_INT_CONVERSION = YES;
				CLANG_WARN_OBJC_ROOT_CLASS = YES_ERROR;
				CLANG_WARN_SUSPICIOUS_MOVE = YES;
				CLANG_WARN_UNREACHABLE_CODE = YES;
				CLANG_WARN__DUPLICATE_METHOD_MATCH = YES;
				"CODE_SIGN_IDENTITY[sdk=iphoneos*]" = "iPhone Developer";
				COPY_PHASE_STRIP = NO;
				DEBUG_INFORMATION_FORMAT = "dwarf-with-dsym";
				ENABLE_NS_ASSERTIONS = NO;
				ENABLE_STRICT_OBJC_MSGSEND = YES;
				GCC_C_LANGUAGE_STANDARD = gnu99;
				GCC_NO_COMMON_BLOCKS = YES;
				GCC_WARN_64_TO_32_BIT_CONVERSION = YES;
				GCC_WARN_ABOUT_RETURN_TYPE = YES_ERROR;
				GCC_WARN_UNDECLARED_SELECTOR = YES;
				GCC_WARN_UNINITIALIZED_AUTOS = YES_AGGRESSIVE;
				GCC_WARN_UNUSED_FUNCTION = YES;
				GCC_WARN_UNUSED_VARIABLE = YES;
				IPHONEOS_DEPLOYMENT_TARGET = 10.3;
				MTL_ENABLE_DEBUG_INFO = NO;
				SDKROOT = iphoneos;
				SWIFT_OPTIMIZATION_LEVEL = "-Owholemodule";
				VALIDATE_PRODUCT = YES;
			};
			name = Release;
		};
		B8081F64207C12B900772640 /* Debug */ = {
			isa = XCBuildConfiguration;
			buildSettings = {
				ASSETCATALOG_COMPILER_APPICON_NAME = AppIcon;
				INFOPLIST_FILE = TableViewControllerBill/Info.plist;
				LD_RUNPATH_SEARCH_PATHS = "$(inherited) @executable_path/Frameworks";
				PRODUCT_BUNDLE_IDENTIFIER = com.tecsup.TableViewControllerBill;
				PRODUCT_NAME = "$(TARGET_NAME)";
				SWIFT_VERSION = 3.0;
			};
			name = Debug;
		};
		B8081F65207C12B900772640 /* Release */ = {
			isa = XCBuildConfiguration;
			buildSettings = {
				ASSETCATALOG_COMPILER_APPICON_NAME = AppIcon;
				INFOPLIST_FILE = TableViewControllerBill/Info.plist;
				LD_RUNPATH_SEARCH_PATHS = "$(inherited) @executable_path/Frameworks";
				PRODUCT_BUNDLE_IDENTIFIER = com.tecsup.TableViewControllerBill;
				PRODUCT_NAME = "$(TARGET_NAME)";
				SWIFT_VERSION = 3.0;
			};
			name = Release;
		};
/* End XCBuildConfiguration section */

/* Begin XCConfigurationList section */
		B8081F4C207C12B900772640 /* Build configuration list for PBXProject "TableViewControllerBill" */ = {
			isa = XCConfigurationList;
			buildConfigurations = (
				B8081F61207C12B900772640 /* Debug */,
				B8081F62207C12B900772640 /* Release */,
			);
			defaultConfigurationIsVisible = 0;
			defaultConfigurationName = Release;
		};
		B8081F63207C12B900772640 /* Build configuration list for PBXNativeTarget "TableViewControllerBill" */ = {
			isa = XCConfigurationList;
			buildConfigurations = (
				B8081F64207C12B900772640 /* Debug */,
				B8081F65207C12B900772640 /* Release */,
			);
			defaultConfigurationIsVisible = 0;
		};
/* End XCConfigurationList section */
	};
	rootObject = B8081F49207C12B900772640 /* Project object */;
}
