// !$*UTF8*$!
{
	archiveVersion = 1;
	classes = {
	};
	objectVersion = 46;
	objects = {

/* Begin PBXBuildFile section */
		C86B9FEC2087DA2D00F34941 /* AppDelegate.swift in Sources */ = {isa = PBXBuildFile; fileRef = C86B9FEB2087DA2D00F34941 /* AppDelegate.swift */; };
		C86B9FEE2087DA2D00F34941 /* ViewController.swift in Sources */ = {isa = PBXBuildFile; fileRef = C86B9FED2087DA2D00F34941 /* ViewController.swift */; };
		C86B9FF12087DA2D00F34941 /* Main.storyboard in Resources */ = {isa = PBXBuildFile; fileRef = C86B9FEF2087DA2D00F34941 /* Main.storyboard */; };
		C86B9FF42087DA2D00F34941 /* core_data_example.xcdatamodeld in Sources */ = {isa = PBXBuildFile; fileRef = C86B9FF22087DA2D00F34941 /* core_data_example.xcdatamodeld */; };
		C86B9FF62087DA2D00F34941 /* Assets.xcassets in Resources */ = {isa = PBXBuildFile; fileRef = C86B9FF52087DA2D00F34941 /* Assets.xcassets */; };
		C86B9FF92087DA2D00F34941 /* LaunchScreen.storyboard in Resources */ = {isa = PBXBuildFile; fileRef = C86B9FF72087DA2D00F34941 /* LaunchScreen.storyboard */; };
/* End PBXBuildFile section */

/* Begin PBXFileReference section */
		C86B9FE82087DA2D00F34941 /* core-data-example.app */ = {isa = PBXFileReference; explicitFileType = wrapper.application; includeInIndex = 0; path = "core-data-example.app"; sourceTree = BUILT_PRODUCTS_DIR; };
		C86B9FEB2087DA2D00F34941 /* AppDelegate.swift */ = {isa = PBXFileReference; lastKnownFileType = sourcecode.swift; path = AppDelegate.swift; sourceTree = "<group>"; };
		C86B9FED2087DA2D00F34941 /* ViewController.swift */ = {isa = PBXFileReference; lastKnownFileType = sourcecode.swift; path = ViewController.swift; sourceTree = "<group>"; };
		C86B9FF02087DA2D00F34941 /* Base */ = {isa = PBXFileReference; lastKnownFileType = file.storyboard; name = Base; path = Base.lproj/Main.storyboard; sourceTree = "<group>"; };
		C86B9FF32087DA2D00F34941 /* core_data_example.xcdatamodel */ = {isa = PBXFileReference; lastKnownFileType = wrapper.xcdatamodel; path = core_data_example.xcdatamodel; sourceTree = "<group>"; };
		C86B9FF52087DA2D00F34941 /* Assets.xcassets */ = {isa = PBXFileReference; lastKnownFileType = folder.assetcatalog; path = Assets.xcassets; sourceTree = "<group>"; };
		C86B9FF82087DA2D00F34941 /* Base */ = {isa = PBXFileReference; lastKnownFileType = file.storyboard; name = Base; path = Base.lproj/LaunchScreen.storyboard; sourceTree = "<group>"; };
		C86B9FFA2087DA2D00F34941 /* Info.plist */ = {isa = PBXFileReference; lastKnownFileType = text.plist.xml; path = Info.plist; sourceTree = "<group>"; };
/* End PBXFileReference section */

/* Begin PBXFrameworksBuildPhase section */
		C86B9FE52087DA2D00F34941 /* Frameworks */ = {
			isa = PBXFrameworksBuildPhase;
			buildActionMask = 2147483647;
			files = (
			);
			runOnlyForDeploymentPostprocessing = 0;
		};
/* End PBXFrameworksBuildPhase section */

/* Begin PBXGroup section */
		C86B9FDF2087DA2D00F34941 = {
			isa = PBXGroup;
			children = (
				C86B9FEA2087DA2D00F34941 /* core-data-example */,
				C86B9FE92087DA2D00F34941 /* Products */,
			);
			sourceTree = "<group>";
		};
		C86B9FE92087DA2D00F34941 /* Products */ = {
			isa = PBXGroup;
			children = (
				C86B9FE82087DA2D00F34941 /* core-data-example.app */,
			);
			name = Products;
			sourceTree = "<group>";
		};
		C86B9FEA2087DA2D00F34941 /* core-data-example */ = {
			isa = PBXGroup;
			children = (
				C86B9FEB2087DA2D00F34941 /* AppDelegate.swift */,
				C86B9FED2087DA2D00F34941 /* ViewController.swift */,
				C86B9FEF2087DA2D00F34941 /* Main.storyboard */,
				C86B9FF52087DA2D00F34941 /* Assets.xcassets */,
				C86B9FF72087DA2D00F34941 /* LaunchScreen.storyboard */,
				C86B9FFA2087DA2D00F34941 /* Info.plist */,
				C86B9FF22087DA2D00F34941 /* core_data_example.xcdatamodeld */,
			);
			path = "core-data-example";
			sourceTree = "<group>";
		};
/* End PBXGroup section */

/* Begin PBXNativeTarget section */
		C86B9FE72087DA2D00F34941 /* core-data-example */ = {
			isa = PBXNativeTarget;
			buildConfigurationList = C86B9FFD2087DA2D00F34941 /* Build configuration list for PBXNativeTarget "core-data-example" */;
			buildPhases = (
				C86B9FE42087DA2D00F34941 /* Sources */,
				C86B9FE52087DA2D00F34941 /* Frameworks */,
				C86B9FE62087DA2D00F34941 /* Resources */,
			);
			buildRules = (
			);
			dependencies = (
			);
			name = "core-data-example";
			productName = "core-data-example";
			productReference = C86B9FE82087DA2D00F34941 /* core-data-example.app */;
			productType = "com.apple.product-type.application";
		};
/* End PBXNativeTarget section */

/* Begin PBXProject section */
		C86B9FE02087DA2D00F34941 /* Project object */ = {
			isa = PBXProject;
			attributes = {
				LastSwiftUpdateCheck = 0830;
				LastUpgradeCheck = 0830;
				ORGANIZATIONNAME = Tecsup;
				TargetAttributes = {
					C86B9FE72087DA2D00F34941 = {
						CreatedOnToolsVersion = 8.3.2;
						ProvisioningStyle = Automatic;
					};
				};
			};
			buildConfigurationList = C86B9FE32087DA2D00F34941 /* Build configuration list for PBXProject "core-data-example" */;
			compatibilityVersion = "Xcode 3.2";
			developmentRegion = English;
			hasScannedForEncodings = 0;
			knownRegions = (
				en,
				Base,
			);
			mainGroup = C86B9FDF2087DA2D00F34941;
			productRefGroup = C86B9FE92087DA2D00F34941 /* Products */;
			projectDirPath = "";
			projectRoot = "";
			targets = (
				C86B9FE72087DA2D00F34941 /* core-data-example */,
			);
		};
/* End PBXProject section */

/* Begin PBXResourcesBuildPhase section */
		C86B9FE62087DA2D00F34941 /* Resources */ = {
			isa = PBXResourcesBuildPhase;
			buildActionMask = 2147483647;
			files = (
				C86B9FF92087DA2D00F34941 /* LaunchScreen.storyboard in Resources */,
				C86B9FF62087DA2D00F34941 /* Assets.xcassets in Resources */,
				C86B9FF12087DA2D00F34941 /* Main.storyboard in Resources */,
			);
			runOnlyForDeploymentPostprocessing = 0;
		};
/* End PBXResourcesBuildPhase section */

/* Begin PBXSourcesBuildPhase section */
		C86B9FE42087DA2D00F34941 /* Sources */ = {
			isa = PBXSourcesBuildPhase;
			buildActionMask = 2147483647;
			files = (
				C86B9FF42087DA2D00F34941 /* core_data_example.xcdatamodeld in Sources */,
				C86B9FEE2087DA2D00F34941 /* ViewController.swift in Sources */,
				C86B9FEC2087DA2D00F34941 /* AppDelegate.swift in Sources */,
			);
			runOnlyForDeploymentPostprocessing = 0;
		};
/* End PBXSourcesBuildPhase section */

/* Begin PBXVariantGroup section */
		C86B9FEF2087DA2D00F34941 /* Main.storyboard */ = {
			isa = PBXVariantGroup;
			children = (
				C86B9FF02087DA2D00F34941 /* Base */,
			);
			name = Main.storyboard;
			sourceTree = "<group>";
		};
		C86B9FF72087DA2D00F34941 /* LaunchScreen.storyboard */ = {
			isa = PBXVariantGroup;
			children = (
				C86B9FF82087DA2D00F34941 /* Base */,
			);
			name = LaunchScreen.storyboard;
			sourceTree = "<group>";
		};
/* End PBXVariantGroup section */

/* Begin XCBuildConfiguration section */
		C86B9FFB2087DA2D00F34941 /* Debug */ = {
			isa = XCBuildConfiguration;
			buildSettings = {
				ALWAYS_SEARCH_USER_PATHS = NO;
				CLANG_ANALYZER_NONNULL = YES;
				CLANG_ANALYZER_NUMBER_OBJECT_CONVERSION = YES_AGGRESSIVE;
				CLANG_CXX_LANGUAGE_STANDARD = "gnu++0x";
				CLANG_CXX_LIBRARY = "libc++";
				CLANG_ENABLE_MODULES = YES;
				CLANG_ENABLE_OBJC_ARC = YES;
				CLANG_WARN_BOOL_CONVERSION = YES;
				CLANG_WARN_CONSTANT_CONVERSION = YES;
				CLANG_WARN_DIRECT_OBJC_ISA_USAGE = YES_ERROR;
				CLANG_WARN_DOCUMENTATION_COMMENTS = YES;
				CLANG_WARN_EMPTY_BODY = YES;
				CLANG_WARN_ENUM_CONVERSION = YES;
				CLANG_WARN_INFINITE_RECURSION = YES;
				CLANG_WARN_INT_CONVERSION = YES;
				CLANG_WARN_OBJC_ROOT_CLASS = YES_ERROR;
				CLANG_WARN_SUSPICIOUS_MOVE = YES;
				CLANG_WARN_UNREACHABLE_CODE = YES;
				CLANG_WARN__DUPLICATE_METHOD_MATCH = YES;
				"CODE_SIGN_IDENTITY[sdk=iphoneos*]" = "iPhone Developer";
				COPY_PHASE_STRIP = NO;
				DEBUG_INFORMATION_FORMAT = dwarf;
				ENABLE_STRICT_OBJC_MSGSEND = YES;
				ENABLE_TESTABILITY = YES;
				GCC_C_LANGUAGE_STANDARD = gnu99;
				GCC_DYNAMIC_NO_PIC = NO;
				GCC_NO_COMMON_BLOCKS = YES;
				GCC_OPTIMIZATION_LEVEL = 0;
				GCC_PREPROCESSOR_DEFINITIONS = (
					"DEBUG=1",
					"$(inherited)",
				);
				GCC_WARN_64_TO_32_BIT_CONVERSION = YES;
				GCC_WARN_ABOUT_RETURN_TYPE = YES_ERROR;
				GCC_WARN_UNDECLARED_SELECTOR = YES;
				GCC_WARN_UNINITIALIZED_AUTOS = YES_AGGRESSIVE;
				GCC_WARN_UNUSED_FUNCTION = YES;
				GCC_WARN_UNUSED_VARIABLE = YES;
				IPHONEOS_DEPLOYMENT_TARGET = 10.3;
				MTL_ENABLE_DEBUG_INFO = YES;
				ONLY_ACTIVE_ARCH = YES;
				SDKROOT = iphoneos;
				SWIFT_ACTIVE_COMPILATION_CONDITIONS = DEBUG;
				SWIFT_OPTIMIZATION_LEVEL = "-Onone";
				TARGETED_DEVICE_FAMILY = "1,2";
			};
			name = Debug;
		};
		C86B9FFC2087DA2D00F34941 /* Release */ = {
			isa = XCBuildConfiguration;
			buildSettings = {
				ALWAYS_SEARCH_USER_PATHS = NO;
				CLANG_ANALYZER_NONNULL = YES;
				CLANG_ANALYZER_NUMBER_OBJECT_CONVERSION = YES_AGGRESSIVE;
				CLANG_CXX_LANGUAGE_STANDARD = "gnu++0x";
				CLANG_CXX_LIBRARY = "libc++";
				CLANG_ENABLE_MODULES = YES;
				CLANG_ENABLE_OBJC_ARC = YES;
				CLANG_WARN_BOOL_CONVERSION = YES;
				CLANG_WARN_CONSTANT_CONVERSION = YES;
				CLANG_WARN_DIRECT_OBJC_ISA_USAGE = YES_ERROR;
				CLANG_WARN_DOCUMENTATION_COMMENTS = YES;
				CLANG_WARN_EMPTY_BODY = YES;
				CLANG_WARN_ENUM_CONVERSION = YES;
				CLANG_WARN_INFINITE_RECURSION = YES;
				CLANG_WARN_INT_CONVERSION = YES;
				CLANG_WARN_OBJC_ROOT_CLASS = YES_ERROR;
				CLANG_WARN_SUSPICIOUS_MOVE = YES;
				CLANG_WARN_UNREACHABLE_CODE = YES;
				CLANG_WARN__DUPLICATE_METHOD_MATCH = YES;
				"CODE_SIGN_IDENTITY[sdk=iphoneos*]" = "iPhone Developer";
				COPY_PHASE_STRIP = NO;
				DEBUG_INFORMATION_FORMAT = "dwarf-with-dsym";
				ENABLE_NS_ASSERTIONS = NO;
				ENABLE_STRICT_OBJC_MSGSEND = YES;
				GCC_C_LANGUAGE_STANDARD = gnu99;
				GCC_NO_COMMON_BLOCKS = YES;
				GCC_WARN_64_TO_32_BIT_CONVERSION = YES;
				GCC_WARN_ABOUT_RETURN_TYPE = YES_ERROR;
				GCC_WARN_UNDECLARED_SELECTOR = YES;
				GCC_WARN_UNINITIALIZED_AUTOS = YES_AGGRESSIVE;
				GCC_WARN_UNUSED_FUNCTION = YES;
				GCC_WARN_UNUSED_VARIABLE = YES;
				IPHONEOS_DEPLOYMENT_TARGET = 10.3;
				MTL_ENABLE_DEBUG_INFO = NO;
				SDKROOT = iphoneos;
				SWIFT_OPTIMIZATION_LEVEL = "-Owholemodule";
				TARGETED_DEVICE_FAMILY = "1,2";
				VALIDATE_PRODUCT = YES;
			};
			name = Release;
		};
		C86B9FFE2087DA2D00F34941 /* Debug */ = {
			isa = XCBuildConfiguration;
			buildSettings = {
				ASSETCATALOG_COMPILER_APPICON_NAME = AppIcon;
				INFOPLIST_FILE = "core-data-example/Info.plist";
				LD_RUNPATH_SEARCH_PATHS = "$(inherited) @executable_path/Frameworks";
				PRODUCT_BUNDLE_IDENTIFIER = "com.tecsup.core-data-example";
				PRODUCT_NAME = "$(TARGET_NAME)";
				SWIFT_VERSION = 3.0;
			};
			name = Debug;
		};
		C86B9FFF2087DA2D00F34941 /* Release */ = {
			isa = XCBuildConfiguration;
			buildSettings = {
				ASSETCATALOG_COMPILER_APPICON_NAME = AppIcon;
				INFOPLIST_FILE = "core-data-example/Info.plist";
				LD_RUNPATH_SEARCH_PATHS = "$(inherited) @executable_path/Frameworks";
				PRODUCT_BUNDLE_IDENTIFIER = "com.tecsup.core-data-example";
				PRODUCT_NAME = "$(TARGET_NAME)";
				SWIFT_VERSION = 3.0;
			};
			name = Release;
		};
/* End XCBuildConfiguration section */

/* Begin XCConfigurationList section */
		C86B9FE32087DA2D00F34941 /* Build configuration list for PBXProject "core-data-example" */ = {
			isa = XCConfigurationList;
			buildConfigurations = (
				C86B9FFB2087DA2D00F34941 /* Debug */,
				C86B9FFC2087DA2D00F34941 /* Release */,
			);
			defaultConfigurationIsVisible = 0;
			defaultConfigurationName = Release;
		};
		C86B9FFD2087DA2D00F34941 /* Build configuration list for PBXNativeTarget "core-data-example" */ = {
			isa = XCConfigurationList;
			buildConfigurations = (
				C86B9FFE2087DA2D00F34941 /* Debug */,
				C86B9FFF2087DA2D00F34941 /* Release */,
			);
			defaultConfigurationIsVisible = 0;
		};
/* End XCConfigurationList section */

/* Begin XCVersionGroup section */
		C86B9FF22087DA2D00F34941 /* core_data_example.xcdatamodeld */ = {
			isa = XCVersionGroup;
			children = (
				C86B9FF32087DA2D00F34941 /* core_data_example.xcdatamodel */,
			);
			currentVersion = C86B9FF32087DA2D00F34941 /* core_data_example.xcdatamodel */;
			path = core_data_example.xcdatamodeld;
			sourceTree = "<group>";
			versionGroupType = wrapper.xcdatamodel;
		};
/* End XCVersionGroup section */
	};
	rootObject = C86B9FE02087DA2D00F34941 /* Project object */;
}
