// !$*UTF8*$!
{
	archiveVersion = 1;
	classes = {
	};
	objectVersion = 46;
	objects = {

/* Begin PBXBuildFile section */
		B804D96D207D28D50001E800 /* ViewController3v1.swift in Sources */ = {isa = PBXBuildFile; fileRef = B804D96C207D28D50001E800 /* ViewController3v1.swift */; };
		B83F7D442077C5DF00BE5D0E /* AppDelegate.swift in Sources */ = {isa = PBXBuildFile; fileRef = B83F7D432077C5DF00BE5D0E /* AppDelegate.swift */; };
		B83F7D462077C5DF00BE5D0E /* ViewController.swift in Sources */ = {isa = PBXBuildFile; fileRef = B83F7D452077C5DF00BE5D0E /* ViewController.swift */; };
		B83F7D492077C5DF00BE5D0E /* Main.storyboard in Resources */ = {isa = PBXBuildFile; fileRef = B83F7D472077C5DF00BE5D0E /* Main.storyboard */; };
		B83F7D4B2077C5DF00BE5D0E /* Assets.xcassets in Resources */ = {isa = PBXBuildFile; fileRef = B83F7D4A2077C5DF00BE5D0E /* Assets.xcassets */; };
		B83F7D4E2077C5DF00BE5D0E /* LaunchScreen.storyboard in Resources */ = {isa = PBXBuildFile; fileRef = B83F7D4C2077C5DF00BE5D0E /* LaunchScreen.storyboard */; };
		B83F7D5A2077CD6200BE5D0E /* ViewController2.swift in Sources */ = {isa = PBXBuildFile; fileRef = B83F7D592077CD6200BE5D0E /* ViewController2.swift */; };
		C86F50FA208FF5B0009EB028 /* destinos in Resources */ = {isa = PBXBuildFile; fileRef = C86F50F9208FF5B0009EB028 /* destinos */; };
/* End PBXBuildFile section */

/* Begin PBXFileReference section */
		B804D96C207D28D50001E800 /* ViewController3v1.swift */ = {isa = PBXFileReference; fileEncoding = 4; lastKnownFileType = sourcecode.swift; name = ViewController3v1.swift; path = ../ViewController3v1.swift; sourceTree = "<group>"; };
		B83F7D402077C5DF00BE5D0E /* Paises_Bill.app */ = {isa = PBXFileReference; explicitFileType = wrapper.application; includeInIndex = 0; path = Paises_Bill.app; sourceTree = BUILT_PRODUCTS_DIR; };
		B83F7D432077C5DF00BE5D0E /* AppDelegate.swift */ = {isa = PBXFileReference; lastKnownFileType = sourcecode.swift; path = AppDelegate.swift; sourceTree = "<group>"; };
		B83F7D452077C5DF00BE5D0E /* ViewController.swift */ = {isa = PBXFileReference; lastKnownFileType = sourcecode.swift; path = ViewController.swift; sourceTree = "<group>"; };
		B83F7D482077C5DF00BE5D0E /* Base */ = {isa = PBXFileReference; lastKnownFileType = file.storyboard; name = Base; path = Base.lproj/Main.storyboard; sourceTree = "<group>"; };
		B83F7D4A2077C5DF00BE5D0E /* Assets.xcassets */ = {isa = PBXFileReference; lastKnownFileType = folder.assetcatalog; path = Assets.xcassets; sourceTree = "<group>"; };
		B83F7D4D2077C5DF00BE5D0E /* Base */ = {isa = PBXFileReference; lastKnownFileType = file.storyboard; name = Base; path = Base.lproj/LaunchScreen.storyboard; sourceTree = "<group>"; };
		B83F7D4F2077C5DF00BE5D0E /* Info.plist */ = {isa = PBXFileReference; lastKnownFileType = text.plist.xml; path = Info.plist; sourceTree = "<group>"; };
		B83F7D592077CD6200BE5D0E /* ViewController2.swift */ = {isa = PBXFileReference; fileEncoding = 4; lastKnownFileType = sourcecode.swift; path = ViewController2.swift; sourceTree = "<group>"; };
		C86F50F9208FF5B0009EB028 /* destinos */ = {isa = PBXFileReference; lastKnownFileType = folder; path = destinos; sourceTree = "<group>"; };
/* End PBXFileReference section */

/* Begin PBXFrameworksBuildPhase section */
		B83F7D3D2077C5DF00BE5D0E /* Frameworks */ = {
			isa = PBXFrameworksBuildPhase;
			buildActionMask = 2147483647;
			files = (
			);
			runOnlyForDeploymentPostprocessing = 0;
		};
/* End PBXFrameworksBuildPhase section */

/* Begin PBXGroup section */
		B83F7D372077C5DF00BE5D0E = {
			isa = PBXGroup;
			children = (
				B83F7D422077C5DF00BE5D0E /* Paises_Bill */,
				B83F7D412077C5DF00BE5D0E /* Products */,
			);
			sourceTree = "<group>";
		};
		B83F7D412077C5DF00BE5D0E /* Products */ = {
			isa = PBXGroup;
			children = (
				B83F7D402077C5DF00BE5D0E /* Paises_Bill.app */,
			);
			name = Products;
			sourceTree = "<group>";
		};
		B83F7D422077C5DF00BE5D0E /* Paises_Bill */ = {
			isa = PBXGroup;
			children = (
				C86F50F9208FF5B0009EB028 /* destinos */,
				B83F7D432077C5DF00BE5D0E /* AppDelegate.swift */,
				B804D96C207D28D50001E800 /* ViewController3v1.swift */,
				B83F7D452077C5DF00BE5D0E /* ViewController.swift */,
				B83F7D472077C5DF00BE5D0E /* Main.storyboard */,
				B83F7D4A2077C5DF00BE5D0E /* Assets.xcassets */,
				B83F7D4C2077C5DF00BE5D0E /* LaunchScreen.storyboard */,
				B83F7D4F2077C5DF00BE5D0E /* Info.plist */,
				B83F7D592077CD6200BE5D0E /* ViewController2.swift */,
			);
			path = Paises_Bill;
			sourceTree = "<group>";
		};
/* End PBXGroup section */

/* Begin PBXNativeTarget section */
		B83F7D3F2077C5DF00BE5D0E /* Paises_Bill */ = {
			isa = PBXNativeTarget;
			buildConfigurationList = B83F7D522077C5DF00BE5D0E /* Build configuration list for PBXNativeTarget "Paises_Bill" */;
			buildPhases = (
				B83F7D3C2077C5DF00BE5D0E /* Sources */,
				B83F7D3D2077C5DF00BE5D0E /* Frameworks */,
				B83F7D3E2077C5DF00BE5D0E /* Resources */,
			);
			buildRules = (
			);
			dependencies = (
			);
			name = Paises_Bill;
			productName = Paises_Bill;
			productReference = B83F7D402077C5DF00BE5D0E /* Paises_Bill.app */;
			productType = "com.apple.product-type.application";
		};
/* End PBXNativeTarget section */

/* Begin PBXProject section */
		B83F7D382077C5DF00BE5D0E /* Project object */ = {
			isa = PBXProject;
			attributes = {
				LastSwiftUpdateCheck = 0830;
				LastUpgradeCheck = 0830;
				ORGANIZATIONNAME = Tecsup;
				TargetAttributes = {
					B83F7D3F2077C5DF00BE5D0E = {
						CreatedOnToolsVersion = 8.3.2;
						ProvisioningStyle = Automatic;
					};
				};
			};
			buildConfigurationList = B83F7D3B2077C5DF00BE5D0E /* Build configuration list for PBXProject "Paises_Bill" */;
			compatibilityVersion = "Xcode 3.2";
			developmentRegion = English;
			hasScannedForEncodings = 0;
			knownRegions = (
				en,
				Base,
			);
			mainGroup = B83F7D372077C5DF00BE5D0E;
			productRefGroup = B83F7D412077C5DF00BE5D0E /* Products */;
			projectDirPath = "";
			projectRoot = "";
			targets = (
				B83F7D3F2077C5DF00BE5D0E /* Paises_Bill */,
			);
		};
/* End PBXProject section */

/* Begin PBXResourcesBuildPhase section */
		B83F7D3E2077C5DF00BE5D0E /* Resources */ = {
			isa = PBXResourcesBuildPhase;
			buildActionMask = 2147483647;
			files = (
				B83F7D4E2077C5DF00BE5D0E /* LaunchScreen.storyboard in Resources */,
				C86F50FA208FF5B0009EB028 /* destinos in Resources */,
				B83F7D4B2077C5DF00BE5D0E /* Assets.xcassets in Resources */,
				B83F7D492077C5DF00BE5D0E /* Main.storyboard in Resources */,
			);
			runOnlyForDeploymentPostprocessing = 0;
		};
/* End PBXResourcesBuildPhase section */

/* Begin PBXSourcesBuildPhase section */
		B83F7D3C2077C5DF00BE5D0E /* Sources */ = {
			isa = PBXSourcesBuildPhase;
			buildActionMask = 2147483647;
			files = (
				B804D96D207D28D50001E800 /* ViewController3v1.swift in Sources */,
				B83F7D462077C5DF00BE5D0E /* ViewController.swift in Sources */,
				B83F7D442077C5DF00BE5D0E /* AppDelegate.swift in Sources */,
				B83F7D5A2077CD6200BE5D0E /* ViewController2.swift in Sources */,
			);
			runOnlyForDeploymentPostprocessing = 0;
		};
/* End PBXSourcesBuildPhase section */

/* Begin PBXVariantGroup section */
		B83F7D472077C5DF00BE5D0E /* Main.storyboard */ = {
			isa = PBXVariantGroup;
			children = (
				B83F7D482077C5DF00BE5D0E /* Base */,
			);
			name = Main.storyboard;
			sourceTree = "<group>";
		};
		B83F7D4C2077C5DF00BE5D0E /* LaunchScreen.storyboard */ = {
			isa = PBXVariantGroup;
			children = (
				B83F7D4D2077C5DF00BE5D0E /* Base */,
			);
			name = LaunchScreen.storyboard;
			sourceTree = "<group>";
		};
/* End PBXVariantGroup section */

/* Begin XCBuildConfiguration section */
		B83F7D502077C5DF00BE5D0E /* Debug */ = {
			isa = XCBuildConfiguration;
			buildSettings = {
				ALWAYS_SEARCH_USER_PATHS = NO;
				CLANG_ANALYZER_NONNULL = YES;
				CLANG_ANALYZER_NUMBER_OBJECT_CONVERSION = YES_AGGRESSIVE;
				CLANG_CXX_LANGUAGE_STANDARD = "gnu++0x";
				CLANG_CXX_LIBRARY = "libc++";
				CLANG_ENABLE_MODULES = YES;
				CLANG_ENABLE_OBJC_ARC = YES;
				CLANG_WARN_BOOL_CONVERSION = YES;
				CLANG_WARN_CONSTANT_CONVERSION = YES;
				CLANG_WARN_DIRECT_OBJC_ISA_USAGE = YES_ERROR;
				CLANG_WARN_DOCUMENTATION_COMMENTS = YES;
				CLANG_WARN_EMPTY_BODY = YES;
				CLANG_WARN_ENUM_CONVERSION = YES;
				CLANG_WARN_INFINITE_RECURSION = YES;
				CLANG_WARN_INT_CONVERSION = YES;
				CLANG_WARN_OBJC_ROOT_CLASS = YES_ERROR;
				CLANG_WARN_SUSPICIOUS_MOVE = YES;
				CLANG_WARN_UNREACHABLE_CODE = YES;
				CLANG_WARN__DUPLICATE_METHOD_MATCH = YES;
				"CODE_SIGN_IDENTITY[sdk=iphoneos*]" = "iPhone Developer";
				COPY_PHASE_STRIP = NO;
				DEBUG_INFORMATION_FORMAT = dwarf;
				ENABLE_STRICT_OBJC_MSGSEND = YES;
				ENABLE_TESTABILITY = YES;
				GCC_C_LANGUAGE_STANDARD = gnu99;
				GCC_DYNAMIC_NO_PIC = NO;
				GCC_NO_COMMON_BLOCKS = YES;
				GCC_OPTIMIZATION_LEVEL = 0;
				GCC_PREPROCESSOR_DEFINITIONS = (
					"DEBUG=1",
					"$(inherited)",
				);
				GCC_WARN_64_TO_32_BIT_CONVERSION = YES;
				GCC_WARN_ABOUT_RETURN_TYPE = YES_ERROR;
				GCC_WARN_UNDECLARED_SELECTOR = YES;
				GCC_WARN_UNINITIALIZED_AUTOS = YES_AGGRESSIVE;
				GCC_WARN_UNUSED_FUNCTION = YES;
				GCC_WARN_UNUSED_VARIABLE = YES;
				IPHONEOS_DEPLOYMENT_TARGET = 10.3;
				MTL_ENABLE_DEBUG_INFO = YES;
				ONLY_ACTIVE_ARCH = YES;
				SDKROOT = iphoneos;
				SWIFT_ACTIVE_COMPILATION_CONDITIONS = DEBUG;
				SWIFT_OPTIMIZATION_LEVEL = "-Onone";
			};
			name = Debug;
		};
		B83F7D512077C5DF00BE5D0E /* Release */ = {
			isa = XCBuildConfiguration;
			buildSettings = {
				ALWAYS_SEARCH_USER_PATHS = NO;
				CLANG_ANALYZER_NONNULL = YES;
				CLANG_ANALYZER_NUMBER_OBJECT_CONVERSION = YES_AGGRESSIVE;
				CLANG_CXX_LANGUAGE_STANDARD = "gnu++0x";
				CLANG_CXX_LIBRARY = "libc++";
				CLANG_ENABLE_MODULES = YES;
				CLANG_ENABLE_OBJC_ARC = YES;
				CLANG_WARN_BOOL_CONVERSION = YES;
				CLANG_WARN_CONSTANT_CONVERSION = YES;
				CLANG_WARN_DIRECT_OBJC_ISA_USAGE = YES_ERROR;
				CLANG_WARN_DOCUMENTATION_COMMENTS = YES;
				CLANG_WARN_EMPTY_BODY = YES;
				CLANG_WARN_ENUM_CONVERSION = YES;
				CLANG_WARN_INFINITE_RECURSION = YES;
				CLANG_WARN_INT_CONVERSION = YES;
				CLANG_WARN_OBJC_ROOT_CLASS = YES_ERROR;
				CLANG_WARN_SUSPICIOUS_MOVE = YES;
				CLANG_WARN_UNREACHABLE_CODE = YES;
				CLANG_WARN__DUPLICATE_METHOD_MATCH = YES;
				"CODE_SIGN_IDENTITY[sdk=iphoneos*]" = "iPhone Developer";
				COPY_PHASE_STRIP = NO;
				DEBUG_INFORMATION_FORMAT = "dwarf-with-dsym";
				ENABLE_NS_ASSERTIONS = NO;
				ENABLE_STRICT_OBJC_MSGSEND = YES;
				GCC_C_LANGUAGE_STANDARD = gnu99;
				GCC_NO_COMMON_BLOCKS = YES;
				GCC_WARN_64_TO_32_BIT_CONVERSION = YES;
				GCC_WARN_ABOUT_RETURN_TYPE = YES_ERROR;
				GCC_WARN_UNDECLARED_SELECTOR = YES;
				GCC_WARN_UNINITIALIZED_AUTOS = YES_AGGRESSIVE;
				GCC_WARN_UNUSED_FUNCTION = YES;
				GCC_WARN_UNUSED_VARIABLE = YES;
				IPHONEOS_DEPLOYMENT_TARGET = 10.3;
				MTL_ENABLE_DEBUG_INFO = NO;
				SDKROOT = iphoneos;
				SWIFT_OPTIMIZATION_LEVEL = "-Owholemodule";
				VALIDATE_PRODUCT = YES;
			};
			name = Release;
		};
		B83F7D532077C5DF00BE5D0E /* Debug */ = {
			isa = XCBuildConfiguration;
			buildSettings = {
				ASSETCATALOG_COMPILER_APPICON_NAME = AppIcon;
				INFOPLIST_FILE = Paises_Bill/Info.plist;
				LD_RUNPATH_SEARCH_PATHS = "$(inherited) @executable_path/Frameworks";
				PRODUCT_BUNDLE_IDENTIFIER = "com.tecsup.Paises-Bill";
				PRODUCT_NAME = "$(TARGET_NAME)";
				SWIFT_VERSION = 3.0;
			};
			name = Debug;
		};
		B83F7D542077C5DF00BE5D0E /* Release */ = {
			isa = XCBuildConfiguration;
			buildSettings = {
				ASSETCATALOG_COMPILER_APPICON_NAME = AppIcon;
				INFOPLIST_FILE = Paises_Bill/Info.plist;
				LD_RUNPATH_SEARCH_PATHS = "$(inherited) @executable_path/Frameworks";
				PRODUCT_BUNDLE_IDENTIFIER = "com.tecsup.Paises-Bill";
				PRODUCT_NAME = "$(TARGET_NAME)";
				SWIFT_VERSION = 3.0;
			};
			name = Release;
		};
/* End XCBuildConfiguration section */

/* Begin XCConfigurationList section */
		B83F7D3B2077C5DF00BE5D0E /* Build configuration list for PBXProject "Paises_Bill" */ = {
			isa = XCConfigurationList;
			buildConfigurations = (
				B83F7D502077C5DF00BE5D0E /* Debug */,
				B83F7D512077C5DF00BE5D0E /* Release */,
			);
			defaultConfigurationIsVisible = 0;
			defaultConfigurationName = Release;
		};
		B83F7D522077C5DF00BE5D0E /* Build configuration list for PBXNativeTarget "Paises_Bill" */ = {
			isa = XCConfigurationList;
			buildConfigurations = (
				B83F7D532077C5DF00BE5D0E /* Debug */,
				B83F7D542077C5DF00BE5D0E /* Release */,
			);
			defaultConfigurationIsVisible = 0;
			defaultConfigurationName = Release;
		};
/* End XCConfigurationList section */
	};
	rootObject = B83F7D382077C5DF00BE5D0E /* Project object */;
}
