// !$*UTF8*$!
{
	archiveVersion = 1;
	classes = {
	};
	objectVersion = 46;
	objects = {

/* Begin PBXBuildFile section */
		C8A86862207C1A4900974575 /* AppDelegate.swift in Sources */ = {isa = PBXBuildFile; fileRef = C8A86861207C1A4900974575 /* AppDelegate.swift */; };
		C8A86867207C1A4900974575 /* Main.storyboard in Resources */ = {isa = PBXBuildFile; fileRef = C8A86865207C1A4900974575 /* Main.storyboard */; };
		C8A86869207C1A4900974575 /* Assets.xcassets in Resources */ = {isa = PBXBuildFile; fileRef = C8A86868207C1A4900974575 /* Assets.xcassets */; };
		C8A8686C207C1A4900974575 /* LaunchScreen.storyboard in Resources */ = {isa = PBXBuildFile; fileRef = C8A8686A207C1A4900974575 /* LaunchScreen.storyboard */; };
		C8A86874207C1A8700974575 /* TableViewController.swift in Sources */ = {isa = PBXBuildFile; fileRef = C8A86873207C1A8700974575 /* TableViewController.swift */; };
		C8A8687E207C1FAC00974575 /* 1.png in Resources */ = {isa = PBXBuildFile; fileRef = C8A8687B207C1FAC00974575 /* 1.png */; };
		C8A8687F207C1FAC00974575 /* 2.png in Resources */ = {isa = PBXBuildFile; fileRef = C8A8687C207C1FAC00974575 /* 2.png */; };
		C8A86880207C1FAC00974575 /* 3.png in Resources */ = {isa = PBXBuildFile; fileRef = C8A8687D207C1FAC00974575 /* 3.png */; };
/* End PBXBuildFile section */

/* Begin PBXFileReference section */
		C8A8685E207C1A4900974575 /* TableViewController2.app */ = {isa = PBXFileReference; explicitFileType = wrapper.application; includeInIndex = 0; path = TableViewController2.app; sourceTree = BUILT_PRODUCTS_DIR; };
		C8A86861207C1A4900974575 /* AppDelegate.swift */ = {isa = PBXFileReference; lastKnownFileType = sourcecode.swift; path = AppDelegate.swift; sourceTree = "<group>"; };
		C8A86866207C1A4900974575 /* Base */ = {isa = PBXFileReference; lastKnownFileType = file.storyboard; name = Base; path = Base.lproj/Main.storyboard; sourceTree = "<group>"; };
		C8A86868207C1A4900974575 /* Assets.xcassets */ = {isa = PBXFileReference; lastKnownFileType = folder.assetcatalog; path = Assets.xcassets; sourceTree = "<group>"; };
		C8A8686B207C1A4900974575 /* Base */ = {isa = PBXFileReference; lastKnownFileType = file.storyboard; name = Base; path = Base.lproj/LaunchScreen.storyboard; sourceTree = "<group>"; };
		C8A8686D207C1A4900974575 /* Info.plist */ = {isa = PBXFileReference; lastKnownFileType = text.plist.xml; path = Info.plist; sourceTree = "<group>"; };
		C8A86873207C1A8700974575 /* TableViewController.swift */ = {isa = PBXFileReference; fileEncoding = 4; lastKnownFileType = sourcecode.swift; path = TableViewController.swift; sourceTree = "<group>"; };
		C8A8687B207C1FAC00974575 /* 1.png */ = {isa = PBXFileReference; lastKnownFileType = image.png; path = 1.png; sourceTree = "<group>"; };
		C8A8687C207C1FAC00974575 /* 2.png */ = {isa = PBXFileReference; lastKnownFileType = image.png; path = 2.png; sourceTree = "<group>"; };
		C8A8687D207C1FAC00974575 /* 3.png */ = {isa = PBXFileReference; lastKnownFileType = image.png; path = 3.png; sourceTree = "<group>"; };
/* End PBXFileReference section */

/* Begin PBXFrameworksBuildPhase section */
		C8A8685B207C1A4900974575 /* Frameworks */ = {
			isa = PBXFrameworksBuildPhase;
			buildActionMask = 2147483647;
			files = (
			);
			runOnlyForDeploymentPostprocessing = 0;
		};
/* End PBXFrameworksBuildPhase section */

/* Begin PBXGroup section */
		C8A86855207C1A4900974575 = {
			isa = PBXGroup;
			children = (
				C8A86860207C1A4900974575 /* TableViewController2 */,
				C8A8685F207C1A4900974575 /* Products */,
			);
			sourceTree = "<group>";
		};
		C8A8685F207C1A4900974575 /* Products */ = {
			isa = PBXGroup;
			children = (
				C8A8685E207C1A4900974575 /* TableViewController2.app */,
			);
			name = Products;
			sourceTree = "<group>";
		};
		C8A86860207C1A4900974575 /* TableViewController2 */ = {
			isa = PBXGroup;
			children = (
				C8A86861207C1A4900974575 /* AppDelegate.swift */,
				C8A86865207C1A4900974575 /* Main.storyboard */,
				C8A86868207C1A4900974575 /* Assets.xcassets */,
				C8A8686A207C1A4900974575 /* LaunchScreen.storyboard */,
				C8A8687B207C1FAC00974575 /* 1.png */,
				C8A8687C207C1FAC00974575 /* 2.png */,
				C8A8687D207C1FAC00974575 /* 3.png */,
				C8A8686D207C1A4900974575 /* Info.plist */,
				C8A86873207C1A8700974575 /* TableViewController.swift */,
			);
			path = TableViewController2;
			sourceTree = "<group>";
		};
/* End PBXGroup section */

/* Begin PBXNativeTarget section */
		C8A8685D207C1A4900974575 /* TableViewController2 */ = {
			isa = PBXNativeTarget;
			buildConfigurationList = C8A86870207C1A4900974575 /* Build configuration list for PBXNativeTarget "TableViewController2" */;
			buildPhases = (
				C8A8685A207C1A4900974575 /* Sources */,
				C8A8685B207C1A4900974575 /* Frameworks */,
				C8A8685C207C1A4900974575 /* Resources */,
			);
			buildRules = (
			);
			dependencies = (
			);
			name = TableViewController2;
			productName = TableViewController2;
			productReference = C8A8685E207C1A4900974575 /* TableViewController2.app */;
			productType = "com.apple.product-type.application";
		};
/* End PBXNativeTarget section */

/* Begin PBXProject section */
		C8A86856207C1A4900974575 /* Project object */ = {
			isa = PBXProject;
			attributes = {
				LastSwiftUpdateCheck = 0830;
				LastUpgradeCheck = 0830;
				ORGANIZATIONNAME = Tecsup;
				TargetAttributes = {
					C8A8685D207C1A4900974575 = {
						CreatedOnToolsVersion = 8.3.2;
						ProvisioningStyle = Automatic;
					};
				};
			};
			buildConfigurationList = C8A86859207C1A4900974575 /* Build configuration list for PBXProject "TableViewController2" */;
			compatibilityVersion = "Xcode 3.2";
			developmentRegion = English;
			hasScannedForEncodings = 0;
			knownRegions = (
				en,
				Base,
			);
			mainGroup = C8A86855207C1A4900974575;
			productRefGroup = C8A8685F207C1A4900974575 /* Products */;
			projectDirPath = "";
			projectRoot = "";
			targets = (
				C8A8685D207C1A4900974575 /* TableViewController2 */,
			);
		};
/* End PBXProject section */

/* Begin PBXResourcesBuildPhase section */
		C8A8685C207C1A4900974575 /* Resources */ = {
			isa = PBXResourcesBuildPhase;
			buildActionMask = 2147483647;
			files = (
				C8A8687E207C1FAC00974575 /* 1.png in Resources */,
				C8A8687F207C1FAC00974575 /* 2.png in Resources */,
				C8A86880207C1FAC00974575 /* 3.png in Resources */,
				C8A8686C207C1A4900974575 /* LaunchScreen.storyboard in Resources */,
				C8A86869207C1A4900974575 /* Assets.xcassets in Resources */,
				C8A86867207C1A4900974575 /* Main.storyboard in Resources */,
			);
			runOnlyForDeploymentPostprocessing = 0;
		};
/* End PBXResourcesBuildPhase section */

/* Begin PBXSourcesBuildPhase section */
		C8A8685A207C1A4900974575 /* Sources */ = {
			isa = PBXSourcesBuildPhase;
			buildActionMask = 2147483647;
			files = (
				C8A86862207C1A4900974575 /* AppDelegate.swift in Sources */,
				C8A86874207C1A8700974575 /* TableViewController.swift in Sources */,
			);
			runOnlyForDeploymentPostprocessing = 0;
		};
/* End PBXSourcesBuildPhase section */

/* Begin PBXVariantGroup section */
		C8A86865207C1A4900974575 /* Main.storyboard */ = {
			isa = PBXVariantGroup;
			children = (
				C8A86866207C1A4900974575 /* Base */,
			);
			name = Main.storyboard;
			sourceTree = "<group>";
		};
		C8A8686A207C1A4900974575 /* LaunchScreen.storyboard */ = {
			isa = PBXVariantGroup;
			children = (
				C8A8686B207C1A4900974575 /* Base */,
			);
			name = LaunchScreen.storyboard;
			sourceTree = "<group>";
		};
/* End PBXVariantGroup section */

/* Begin XCBuildConfiguration section */
		C8A8686E207C1A4900974575 /* Debug */ = {
			isa = XCBuildConfiguration;
			buildSettings = {
				ALWAYS_SEARCH_USER_PATHS = NO;
				CLANG_ANALYZER_NONNULL = YES;
				CLANG_ANALYZER_NUMBER_OBJECT_CONVERSION = YES_AGGRESSIVE;
				CLANG_CXX_LANGUAGE_STANDARD = "gnu++0x";
				CLANG_CXX_LIBRARY = "libc++";
				CLANG_ENABLE_MODULES = YES;
				CLANG_ENABLE_OBJC_ARC = YES;
				CLANG_WARN_BOOL_CONVERSION = YES;
				CLANG_WARN_CONSTANT_CONVERSION = YES;
				CLANG_WARN_DIRECT_OBJC_ISA_USAGE = YES_ERROR;
				CLANG_WARN_DOCUMENTATION_COMMENTS = YES;
				CLANG_WARN_EMPTY_BODY = YES;
				CLANG_WARN_ENUM_CONVERSION = YES;
				CLANG_WARN_INFINITE_RECURSION = YES;
				CLANG_WARN_INT_CONVERSION = YES;
				CLANG_WARN_OBJC_ROOT_CLASS = YES_ERROR;
				CLANG_WARN_SUSPICIOUS_MOVE = YES;
				CLANG_WARN_UNREACHABLE_CODE = YES;
				CLANG_WARN__DUPLICATE_METHOD_MATCH = YES;
				"CODE_SIGN_IDENTITY[sdk=iphoneos*]" = "iPhone Developer";
				COPY_PHASE_STRIP = NO;
				DEBUG_INFORMATION_FORMAT = dwarf;
				ENABLE_STRICT_OBJC_MSGSEND = YES;
				ENABLE_TESTABILITY = YES;
				GCC_C_LANGUAGE_STANDARD = gnu99;
				GCC_DYNAMIC_NO_PIC = NO;
				GCC_NO_COMMON_BLOCKS = YES;
				GCC_OPTIMIZATION_LEVEL = 0;
				GCC_PREPROCESSOR_DEFINITIONS = (
					"DEBUG=1",
					"$(inherited)",
				);
				GCC_WARN_64_TO_32_BIT_CONVERSION = YES;
				GCC_WARN_ABOUT_RETURN_TYPE = YES_ERROR;
				GCC_WARN_UNDECLARED_SELECTOR = YES;
				GCC_WARN_UNINITIALIZED_AUTOS = YES_AGGRESSIVE;
				GCC_WARN_UNUSED_FUNCTION = YES;
				GCC_WARN_UNUSED_VARIABLE = YES;
				IPHONEOS_DEPLOYMENT_TARGET = 10.3;
				MTL_ENABLE_DEBUG_INFO = YES;
				ONLY_ACTIVE_ARCH = YES;
				SDKROOT = iphoneos;
				SWIFT_ACTIVE_COMPILATION_CONDITIONS = DEBUG;
				SWIFT_OPTIMIZATION_LEVEL = "-Onone";
				TARGETED_DEVICE_FAMILY = "1,2";
			};
			name = Debug;
		};
		C8A8686F207C1A4900974575 /* Release */ = {
			isa = XCBuildConfiguration;
			buildSettings = {
				ALWAYS_SEARCH_USER_PATHS = NO;
				CLANG_ANALYZER_NONNULL = YES;
				CLANG_ANALYZER_NUMBER_OBJECT_CONVERSION = YES_AGGRESSIVE;
				CLANG_CXX_LANGUAGE_STANDARD = "gnu++0x";
				CLANG_CXX_LIBRARY = "libc++";
				CLANG_ENABLE_MODULES = YES;
				CLANG_ENABLE_OBJC_ARC = YES;
				CLANG_WARN_BOOL_CONVERSION = YES;
				CLANG_WARN_CONSTANT_CONVERSION = YES;
				CLANG_WARN_DIRECT_OBJC_ISA_USAGE = YES_ERROR;
				CLANG_WARN_DOCUMENTATION_COMMENTS = YES;
				CLANG_WARN_EMPTY_BODY = YES;
				CLANG_WARN_ENUM_CONVERSION = YES;
				CLANG_WARN_INFINITE_RECURSION = YES;
				CLANG_WARN_INT_CONVERSION = YES;
				CLANG_WARN_OBJC_ROOT_CLASS = YES_ERROR;
				CLANG_WARN_SUSPICIOUS_MOVE = YES;
				CLANG_WARN_UNREACHABLE_CODE = YES;
				CLANG_WARN__DUPLICATE_METHOD_MATCH = YES;
				"CODE_SIGN_IDENTITY[sdk=iphoneos*]" = "iPhone Developer";
				COPY_PHASE_STRIP = NO;
				DEBUG_INFORMATION_FORMAT = "dwarf-with-dsym";
				ENABLE_NS_ASSERTIONS = NO;
				ENABLE_STRICT_OBJC_MSGSEND = YES;
				GCC_C_LANGUAGE_STANDARD = gnu99;
				GCC_NO_COMMON_BLOCKS = YES;
				GCC_WARN_64_TO_32_BIT_CONVERSION = YES;
				GCC_WARN_ABOUT_RETURN_TYPE = YES_ERROR;
				GCC_WARN_UNDECLARED_SELECTOR = YES;
				GCC_WARN_UNINITIALIZED_AUTOS = YES_AGGRESSIVE;
				GCC_WARN_UNUSED_FUNCTION = YES;
				GCC_WARN_UNUSED_VARIABLE = YES;
				IPHONEOS_DEPLOYMENT_TARGET = 10.3;
				MTL_ENABLE_DEBUG_INFO = NO;
				SDKROOT = iphoneos;
				SWIFT_OPTIMIZATION_LEVEL = "-Owholemodule";
				TARGETED_DEVICE_FAMILY = "1,2";
				VALIDATE_PRODUCT = YES;
			};
			name = Release;
		};
		C8A86871207C1A4900974575 /* Debug */ = {
			isa = XCBuildConfiguration;
			buildSettings = {
				ASSETCATALOG_COMPILER_APPICON_NAME = AppIcon;
				INFOPLIST_FILE = TableViewController2/Info.plist;
				LD_RUNPATH_SEARCH_PATHS = "$(inherited) @executable_path/Frameworks";
				PRODUCT_BUNDLE_IDENTIFIER = com.tecsup.TableViewController2;
				PRODUCT_NAME = "$(TARGET_NAME)";
				SWIFT_VERSION = 3.0;
			};
			name = Debug;
		};
		C8A86872207C1A4900974575 /* Release */ = {
			isa = XCBuildConfiguration;
			buildSettings = {
				ASSETCATALOG_COMPILER_APPICON_NAME = AppIcon;
				INFOPLIST_FILE = TableViewController2/Info.plist;
				LD_RUNPATH_SEARCH_PATHS = "$(inherited) @executable_path/Frameworks";
				PRODUCT_BUNDLE_IDENTIFIER = com.tecsup.TableViewController2;
				PRODUCT_NAME = "$(TARGET_NAME)";
				SWIFT_VERSION = 3.0;
			};
			name = Release;
		};
/* End XCBuildConfiguration section */

/* Begin XCConfigurationList section */
		C8A86859207C1A4900974575 /* Build configuration list for PBXProject "TableViewController2" */ = {
			isa = XCConfigurationList;
			buildConfigurations = (
				C8A8686E207C1A4900974575 /* Debug */,
				C8A8686F207C1A4900974575 /* Release */,
			);
			defaultConfigurationIsVisible = 0;
			defaultConfigurationName = Release;
		};
		C8A86870207C1A4900974575 /* Build configuration list for PBXNativeTarget "TableViewController2" */ = {
			isa = XCConfigurationList;
			buildConfigurations = (
				C8A86871207C1A4900974575 /* Debug */,
				C8A86872207C1A4900974575 /* Release */,
			);
			defaultConfigurationIsVisible = 0;
		};
/* End XCConfigurationList section */
	};
	rootObject = C8A86856207C1A4900974575 /* Project object */;
}
